
Microsoft Visual Studio Solution File, Format Version 12.00
# Visual Studio Version 17
VisualStudioVersion = 17.0.31903.59
MinimumVisualStudioVersion = 10.0.40219.1
Project("{2150E333-8FDC-42A3-9474-1A3956D46DE8}") = "src", "src", "{3596C494-6536-4550-928E-9370325E34E2}"
EndProject
Project("{FAE04EC0-301F-11D3-BF4B-00C04F79EFBC}") = "Ruttero", "src\Ruttero\Ruttero.csproj", "{4E6296D3-798B-488E-9E2B-E9507143D3A4}"
EndProject
Project("{FAE04EC0-301F-11D3-BF4B-00C04F79EFBC}") = "Ruttero.Tests", "src\Ruttero.Tests\Ruttero.Tests.csproj", "{0C914C5D-D97F-4C99-AD3B-71BACA8F6591}"
EndProject
Global
	GlobalSection(SolutionConfigurationPlatforms) = preSolution
		Debug|Any CPU = Debug|Any CPU
		Release|Any CPU = Release|Any CPU
	EndGlobalSection
	GlobalSection(SolutionProperties) = preSolution
		HideSolutionNode = FALSE
	EndGlobalSection
	GlobalSection(ProjectConfigurationPlatforms) = postSolution
		{4E6296D3-798B-488E-9E2B-E9507143D3A4}.Debug|Any CPU.ActiveCfg = Debug|Any CPU
		{4E6296D3-798B-488E-9E2B-E9507143D3A4}.Debug|Any CPU.Build.0 = Debug|Any CPU
		{4E6296D3-798B-488E-9E2B-E9507143D3A4}.Release|Any CPU.ActiveCfg = Release|Any CPU
		{4E6296D3-798B-488E-9E2B-E9507143D3A4}.Release|Any CPU.Build.0 = Release|Any CPU
		{0C914C5D-D97F-4C99-AD3B-71BACA8F6591}.Debug|Any CPU.ActiveCfg = Debug|Any CPU
		{0C914C5D-D97F-4C99-AD3B-71BACA8F6591}.Debug|Any CPU.Build.0 = Debug|Any CPU
		{0C914C5D-D97F-4C99-AD3B-71BACA8F6591}.Release|Any CPU.ActiveCfg = Release|Any CPU
		{0C914C5D-D97F-4C99-AD3B-71BACA8F6591}.Release|Any CPU.Build.0 = Release|Any CPU
	EndGlobalSection
	GlobalSection(NestedProjects) = preSolution
		{4E6296D3-798B-488E-9E2B-E9507143D3A4} = {3596C494-6536-4550-928E-9370325E34E2}
		{0C914C5D-D97F-4C99-AD3B-71BACA8F6591} = {3596C494-6536-4550-928E-9370325E34E2}
	EndGlobalSection
EndGlobal
